
Microsoft Visual Studio Solution File, Format Version 12.00
# Visual Studio Version 17
VisualStudioVersion = 17.5.33516.290
MinimumVisualStudioVersion = 10.0.40219.1
Project("{FAE04EC0-301F-11D3-BF4B-00C04F79EFBC}") = "ConsoleApp19", "ConsoleApp19\ConsoleApp19.csproj", "{C91AECA4-518E-4D1C-8DD4-98A53D9893A6}"
EndProject
Global
	GlobalSection(SolutionConfigurationPlatforms) = preSolution
		Debug|Any CPU = Debug|Any CPU
		Release|Any CPU = Release|Any CPU
	EndGlobalSection
	GlobalSection(ProjectConfigurationPlatforms) = postSolution
		{C91AECA4-518E-4D1C-8DD4-98A53D9893A6}.Debug|Any CPU.ActiveCfg = Debug|Any CPU
		{C91AECA4-518E-4D1C-8DD4-98A53D9893A6}.Debug|Any CPU.Build.0 = Debug|Any CPU
		{C91AECA4-518E-4D1C-8DD4-98A53D9893A6}.Release|Any CPU.ActiveCfg = Release|Any CPU
		{C91AECA4-518E-4D1C-8DD4-98A53D9893A6}.Release|Any CPU.Build.0 = Release|Any CPU
	EndGlobalSection
	GlobalSection(SolutionProperties) = preSolution
		HideSolutionNode = FALSE
	EndGlobalSection
	GlobalSection(ExtensibilityGlobals) = postSolution
		SolutionGuid = {7572355D-C333-482A-8FC2-A8B5578957B9}
	EndGlobalSection
EndGlobal
